{
  "requires": true,
  "lockfileVersion": 1,
  "dependencies": {
    "cloudinary-core": {
      "version": "2.7.4",
      "resolved": "https://registry.npmjs.org/cloudinary-core/-/cloudinary-core-2.7.4.tgz",
      "integrity": "sha512-toaZSJVvpY1bQhqhin6atI1DPfloE/wOS9T6lriHsZVvdNyQu+c9AyNznM5/4NquI2oLr4G2gGgeX0tImnFUaQ=="
    },
    "cloudinary-vue": {
      "version": "1.0.0-beta2",
      "resolved": "https://registry.npmjs.org/cloudinary-vue/-/cloudinary-vue-1.0.0-beta2.tgz",
      "integrity": "sha512-8HzDVJ0+gJ9H2emo5eDdW6kqhC7mrYn09pG2E/V7ypY4BeEaS3doXSKCB5nr7ykKT+ox9MPd6vRO4q4tus4E3Q==",
      "requires": {
        "cloudinary-core": "^2.6.2",
        "vue": "^2.6.8"
      }
    },
    "vue": {
      "version": "2.6.10",
      "resolved": "https://registry.npmjs.org/vue/-/vue-2.6.10.tgz",
      "integrity": "sha512-ImThpeNU9HbdZL3utgMCq0oiMzAkt1mcgy3/E6zWC/G6AaQoeuFdsl9nDhTDU3X1R6FK7nsIUuRACVcjI+A2GQ=="
    }
  }
}
