
Microsoft Visual Studio Solution File, Format Version 12.00
# Visual Studio Version 16
VisualStudioVersion = 16.0.29306.81
MinimumVisualStudioVersion = 10.0.40219.1
Project("{FAE04EC0-301F-11D3-BF4B-00C04F79EFBC}") = "Ølspecialisten", "Ølspecialisten\Ølspecialisten.csproj", "{0ADE0A67-2AEE-4F0A-AA8C-796D6B83AB00}"
EndProject
Global
	GlobalSection(SolutionConfigurationPlatforms) = preSolution
		Debug|Any CPU = Debug|Any CPU
		Release|Any CPU = Release|Any CPU
	EndGlobalSection
	GlobalSection(ProjectConfigurationPlatforms) = postSolution
		{0ADE0A67-2AEE-4F0A-AA8C-796D6B83AB00}.Debug|Any CPU.ActiveCfg = Debug|Any CPU
		{0ADE0A67-2AEE-4F0A-AA8C-796D6B83AB00}.Debug|Any CPU.Build.0 = Debug|Any CPU
		{0ADE0A67-2AEE-4F0A-AA8C-796D6B83AB00}.Release|Any CPU.ActiveCfg = Release|Any CPU
		{0ADE0A67-2AEE-4F0A-AA8C-796D6B83AB00}.Release|Any CPU.Build.0 = Release|Any CPU
	EndGlobalSection
	GlobalSection(SolutionProperties) = preSolution
		HideSolutionNode = FALSE
	EndGlobalSection
	GlobalSection(ExtensibilityGlobals) = postSolution
		SolutionGuid = {7AA70235-199E-4400-B2EF-010E26E8361A}
	EndGlobalSection
EndGlobal
